
Microsoft Visual Studio Solution File, Format Version 12.00
# Visual Studio Version 17
VisualStudioVersion = 17.0.31903.59
MinimumVisualStudioVersion = 10.0.40219.1
Project("{FAE04EC0-301F-11D3-BF4B-00C04F79EFBC}") = "API", "API\API.csproj", "{CF734FB3-7475-435E-BD12-649D602C3542}"
EndProject
Project("{FAE04EC0-301F-11D3-BF4B-00C04F79EFBC}") = "Application", "Application\Application.csproj", "{EE4A84C9-659C-46FB-B0AD-19621CA6593B}"
EndProject
Project("{FAE04EC0-301F-11D3-BF4B-00C04F79EFBC}") = "Domain", "Domain\Domain.csproj", "{BAD02D3D-632B-4EAF-81C8-8C3D4FD8B4C1}"
EndProject
Project("{FAE04EC0-301F-11D3-BF4B-00C04F79EFBC}") = "Persistence", "Persistence\Persistence.csproj", "{D14BE9FE-A198-4D9E-A0FC-E0E00704FE89}"
EndProject
Global
	GlobalSection(SolutionConfigurationPlatforms) = preSolution
		Debug|Any CPU = Debug|Any CPU
		Debug|x64 = Debug|x64
		Debug|x86 = Debug|x86
		Release|Any CPU = Release|Any CPU
		Release|x64 = Release|x64
		Release|x86 = Release|x86
	EndGlobalSection
	GlobalSection(ProjectConfigurationPlatforms) = postSolution
		{CF734FB3-7475-435E-BD12-649D602C3542}.Debug|Any CPU.ActiveCfg = Debug|Any CPU
		{CF734FB3-7475-435E-BD12-649D602C3542}.Debug|Any CPU.Build.0 = Debug|Any CPU
		{CF734FB3-7475-435E-BD12-649D602C3542}.Debug|x64.ActiveCfg = Debug|Any CPU
		{CF734FB3-7475-435E-BD12-649D602C3542}.Debug|x64.Build.0 = Debug|Any CPU
		{CF734FB3-7475-435E-BD12-649D602C3542}.Debug|x86.ActiveCfg = Debug|Any CPU
		{CF734FB3-7475-435E-BD12-649D602C3542}.Debug|x86.Build.0 = Debug|Any CPU
		{CF734FB3-7475-435E-BD12-649D602C3542}.Release|Any CPU.ActiveCfg = Release|Any CPU
		{CF734FB3-7475-435E-BD12-649D602C3542}.Release|Any CPU.Build.0 = Release|Any CPU
		{CF734FB3-7475-435E-BD12-649D602C3542}.Release|x64.ActiveCfg = Release|Any CPU
		{CF734FB3-7475-435E-BD12-649D602C3542}.Release|x64.Build.0 = Release|Any CPU
		{CF734FB3-7475-435E-BD12-649D602C3542}.Release|x86.ActiveCfg = Release|Any CPU
		{CF734FB3-7475-435E-BD12-649D602C3542}.Release|x86.Build.0 = Release|Any CPU
		{EE4A84C9-659C-46FB-B0AD-19621CA6593B}.Debug|Any CPU.ActiveCfg = Debug|Any CPU
		{EE4A84C9-659C-46FB-B0AD-19621CA6593B}.Debug|Any CPU.Build.0 = Debug|Any CPU
		{EE4A84C9-659C-46FB-B0AD-19621CA6593B}.Debug|x64.ActiveCfg = Debug|Any CPU
		{EE4A84C9-659C-46FB-B0AD-19621CA6593B}.Debug|x64.Build.0 = Debug|Any CPU
		{EE4A84C9-659C-46FB-B0AD-19621CA6593B}.Debug|x86.ActiveCfg = Debug|Any CPU
		{EE4A84C9-659C-46FB-B0AD-19621CA6593B}.Debug|x86.Build.0 = Debug|Any CPU
		{EE4A84C9-659C-46FB-B0AD-19621CA6593B}.Release|Any CPU.ActiveCfg = Release|Any CPU
		{EE4A84C9-659C-46FB-B0AD-19621CA6593B}.Release|Any CPU.Build.0 = Release|Any CPU
		{EE4A84C9-659C-46FB-B0AD-19621CA6593B}.Release|x64.ActiveCfg = Release|Any CPU
		{EE4A84C9-659C-46FB-B0AD-19621CA6593B}.Release|x64.Build.0 = Release|Any CPU
		{EE4A84C9-659C-46FB-B0AD-19621CA6593B}.Release|x86.ActiveCfg = Release|Any CPU
		{EE4A84C9-659C-46FB-B0AD-19621CA6593B}.Release|x86.Build.0 = Release|Any CPU
		{BAD02D3D-632B-4EAF-81C8-8C3D4FD8B4C1}.Debug|Any CPU.ActiveCfg = Debug|Any CPU
		{BAD02D3D-632B-4EAF-81C8-8C3D4FD8B4C1}.Debug|Any CPU.Build.0 = Debug|Any CPU
		{BAD02D3D-632B-4EAF-81C8-8C3D4FD8B4C1}.Debug|x64.ActiveCfg = Debug|Any CPU
		{BAD02D3D-632B-4EAF-81C8-8C3D4FD8B4C1}.Debug|x64.Build.0 = Debug|Any CPU
		{BAD02D3D-632B-4EAF-81C8-8C3D4FD8B4C1}.Debug|x86.ActiveCfg = Debug|Any CPU
		{BAD02D3D-632B-4EAF-81C8-8C3D4FD8B4C1}.Debug|x86.Build.0 = Debug|Any CPU
		{BAD02D3D-632B-4EAF-81C8-8C3D4FD8B4C1}.Release|Any CPU.ActiveCfg = Release|Any CPU
		{BAD02D3D-632B-4EAF-81C8-8C3D4FD8B4C1}.Release|Any CPU.Build.0 = Release|Any CPU
		{BAD02D3D-632B-4EAF-81C8-8C3D4FD8B4C1}.Release|x64.ActiveCfg = Release|Any CPU
		{BAD02D3D-632B-4EAF-81C8-8C3D4FD8B4C1}.Release|x64.Build.0 = Release|Any CPU
		{BAD02D3D-632B-4EAF-81C8-8C3D4FD8B4C1}.Release|x86.ActiveCfg = Release|Any CPU
		{BAD02D3D-632B-4EAF-81C8-8C3D4FD8B4C1}.Release|x86.Build.0 = Release|Any CPU
		{D14BE9FE-A198-4D9E-A0FC-E0E00704FE89}.Debug|Any CPU.ActiveCfg = Debug|Any CPU
		{D14BE9FE-A198-4D9E-A0FC-E0E00704FE89}.Debug|Any CPU.Build.0 = Debug|Any CPU
		{D14BE9FE-A198-4D9E-A0FC-E0E00704FE89}.Debug|x64.ActiveCfg = Debug|Any CPU
		{D14BE9FE-A198-4D9E-A0FC-E0E00704FE89}.Debug|x64.Build.0 = Debug|Any CPU
		{D14BE9FE-A198-4D9E-A0FC-E0E00704FE89}.Debug|x86.ActiveCfg = Debug|Any CPU
		{D14BE9FE-A198-4D9E-A0FC-E0E00704FE89}.Debug|x86.Build.0 = Debug|Any CPU
		{D14BE9FE-A198-4D9E-A0FC-E0E00704FE89}.Release|Any CPU.ActiveCfg = Release|Any CPU
		{D14BE9FE-A198-4D9E-A0FC-E0E00704FE89}.Release|Any CPU.Build.0 = Release|Any CPU
		{D14BE9FE-A198-4D9E-A0FC-E0E00704FE89}.Release|x64.ActiveCfg = Release|Any CPU
		{D14BE9FE-A198-4D9E-A0FC-E0E00704FE89}.Release|x64.Build.0 = Release|Any CPU
		{D14BE9FE-A198-4D9E-A0FC-E0E00704FE89}.Release|x86.ActiveCfg = Release|Any CPU
		{D14BE9FE-A198-4D9E-A0FC-E0E00704FE89}.Release|x86.Build.0 = Release|Any CPU
	EndGlobalSection
	GlobalSection(SolutionProperties) = preSolution
		HideSolutionNode = FALSE
	EndGlobalSection
EndGlobal
